PODS:
  - SnapKit (5.6.0)
  - Swift_Form (1.1.0):
    - SnapKit
  - SwiftBrick (2.3.7):
    - SwiftBrick/BaseCell (= 2.3.7)
    - SwiftBrick/BaseVC (= 2.3.7)
    - SwiftBrick/Extensions (= 2.3.7)
    - SwiftBrick/SwiftUI (= 2.3.7)
    - SwiftBrick/Util (= 2.3.7)
    - SwiftBrick/ViewFactory (= 2.3.7)
  - SwiftBrick/BaseCell (2.3.7):
    - SwiftBrick/Extensions
  - SwiftBrick/BaseVC (2.3.7):
    - SwiftBrick/BaseCell
    - SwiftBrick/Extensions
    - SwiftBrick/Util
  - SwiftBrick/Extensions (2.3.7):
    - SwiftBrick/Util
  - SwiftBrick/SwiftUI (2.3.7):
    - SwiftBrick/BaseVC
    - SwiftBrick/Extensions
  - SwiftBrick/Util (2.3.7)
  - SwiftBrick/ViewFactory (2.3.7):
    - SwiftBrick/Extensions
    - SwiftBrick/Util

DEPENDENCIES:
  - SnapKit
  - Swift_Form
  - SwiftBrick (from `../`)

SPEC REPOS:
  trunk:
    - SnapKit
    - Swift_Form

EXTERNAL SOURCES:
  SwiftBrick:
    :path: "../"

SPEC CHECKSUMS:
  SnapKit: e01d52ebb8ddbc333eefe2132acf85c8227d9c25
  Swift_Form: 2d4a3318f33540707a1173ee857233cd39acd961
  SwiftBrick: 58a7deeba5e378986278091bed8215eabadecfc8

PODFILE CHECKSUM: d3c132b4612a9af92e7d97324ec99a9f149e0705

COCOAPODS: 1.12.1
