PODS:
  - SnapKit (5.6.0)
  - Swift_Form (1.1.0):
    - SnapKit
  - SwiftBrick (2.4.2):
    - SwiftBrick/BaseCell (= 2.4.2)
    - SwiftBrick/BaseVC (= 2.4.2)
    - SwiftBrick/Extensions (= 2.4.2)
    - SwiftBrick/SwiftUI (= 2.4.2)
    - SwiftBrick/Util (= 2.4.2)
    - SwiftBrick/ViewFactory (= 2.4.2)
  - SwiftBrick/BaseCell (2.4.2):
    - SwiftBrick/Extensions
  - SwiftBrick/BaseVC (2.4.2):
    - SwiftBrick/BaseCell
    - SwiftBrick/Extensions
    - SwiftBrick/Util
  - SwiftBrick/Extensions (2.4.2):
    - SwiftBrick/Util
  - SwiftBrick/SwiftUI (2.4.2):
    - SwiftBrick/BaseVC
    - SwiftBrick/Extensions
    - SwiftBrick/SwiftUI/Backports (= 2.4.2)
    - SwiftBrick/SwiftUI/SwiftUIX (= 2.4.2)
    - SwiftBrick/Util
  - SwiftBrick/SwiftUI/Backports (2.4.2):
    - SwiftBrick/BaseVC
    - SwiftBrick/Extensions
    - SwiftBrick/Util
  - SwiftBrick/SwiftUI/SwiftUIX (2.4.2):
    - SwiftBrick/BaseVC
    - SwiftBrick/Extensions
    - SwiftBrick/Util
  - SwiftBrick/Util (2.4.2)
  - SwiftBrick/ViewFactory (2.4.2):
    - SwiftBrick/Extensions
    - SwiftBrick/Util

DEPENDENCIES:
  - SnapKit
  - Swift_Form
  - SwiftBrick (from `../`)

SPEC REPOS:
  trunk:
    - SnapKit
    - Swift_Form

EXTERNAL SOURCES:
  SwiftBrick:
    :path: "../"

SPEC CHECKSUMS:
  SnapKit: e01d52ebb8ddbc333eefe2132acf85c8227d9c25
  Swift_Form: 2d4a3318f33540707a1173ee857233cd39acd961
  SwiftBrick: 1b5b218ac0c67f35e5a89b43ae9f68f2891fbc3b

PODFILE CHECKSUM: d3c132b4612a9af92e7d97324ec99a9f149e0705

COCOAPODS: 1.12.1
