{
  "pins" : [
    {
      "identity" : "snapkit",
      "kind" : "remoteSourceControl",
      "location" : "https://github.com/SnapKit/SnapKit.git",
      "state" : {
        "revision" : "d458564516e5676af9c70b4f4b2a9178294f1bc6",
        "version" : "5.0.1"
      }
    },
    {
      "identity" : "swiftyform",
      "kind" : "remoteSourceControl",
      "location" : "https://github.com/jackiehu/SwiftyForm",
      "state" : {
        "revision" : "9e6fd363f1935ce2954564156ae029080eefc40f",
        "version" : "1.1.0"
      }
    }
  ],
  "version" : 2
}
