PODS:
  - SnapKit (5.6.0)
  - Swift_Form (1.1.0):
    - SnapKit

DEPENDENCIES:
  - SnapKit
  - Swift_Form

SPEC REPOS:
  trunk:
    - SnapKit
    - Swift_Form

SPEC CHECKSUMS:
  SnapKit: e01d52ebb8ddbc333eefe2132acf85c8227d9c25
  Swift_Form: 2d4a3318f33540707a1173ee857233cd39acd961

PODFILE CHECKSUM: fe403ade0bf70b82b43873a087093349198ce9cb

COCOAPODS: 1.12.1
