// !$*UTF8*$!
{
	archiveVersion = 1;
	classes = {
	};
	objectVersion = 55;
	objects = {

/* Begin PBXBuildFile section */
		60D81A4A2A0FC8F400218B29 /* TableViewController.swift in Sources */ = {isa = PBXBuildFile; fileRef = 60D81A3C2A0FC8F300218B29 /* TableViewController.swift */; };
		60D81A4B2A0FC8F400218B29 /* ExViewController.swift in Sources */ = {isa = PBXBuildFile; fileRef = 60D81A3D2A0FC8F400218B29 /* ExViewController.swift */; };
		60D81A4C2A0FC8F400218B29 /* CollectionViewController.swift in Sources */ = {isa = PBXBuildFile; fileRef = 60D81A3E2A0FC8F400218B29 /* CollectionViewController.swift */; };
		60D81A4D2A0FC8F400218B29 /* SwiftUIView.swift in Sources */ = {isa = PBXBuildFile; fileRef = 60D81A3F2A0FC8F400218B29 /* SwiftUIView.swift */; };
		60D81A4E2A0FC8F400218B29 /* UITableViewSnapEx.swift in Sources */ = {isa = PBXBuildFile; fileRef = 60D81A412A0FC8F400218B29 /* UITableViewSnapEx.swift */; };
		60D81A4F2A0FC8F400218B29 /* UILabelSnapEx.swift in Sources */ = {isa = PBXBuildFile; fileRef = 60D81A422A0FC8F400218B29 /* UILabelSnapEx.swift */; };
		60D81A502A0FC8F400218B29 /* ArrayViewSnapEx.swift in Sources */ = {isa = PBXBuildFile; fileRef = 60D81A432A0FC8F400218B29 /* ArrayViewSnapEx.swift */; };
		60D81A512A0FC8F400218B29 /* Neumorphic.swift in Sources */ = {isa = PBXBuildFile; fileRef = 60D81A442A0FC8F400218B29 /* Neumorphic.swift */; };
		60D81A522A0FC8F400218B29 /* UIButtonSnapEx.swift in Sources */ = {isa = PBXBuildFile; fileRef = 60D81A452A0FC8F400218B29 /* UIButtonSnapEx.swift */; };
		60D81A532A0FC8F400218B29 /* UIViewSnapEx.swift in Sources */ = {isa = PBXBuildFile; fileRef = 60D81A462A0FC8F400218B29 /* UIViewSnapEx.swift */; };
		60D81A542A0FC8F400218B29 /* UIImageViewSnapEx.swift in Sources */ = {isa = PBXBuildFile; fileRef = 60D81A472A0FC8F400218B29 /* UIImageViewSnapEx.swift */; };
		60D81A552A0FC8F400218B29 /* TestViewController.swift in Sources */ = {isa = PBXBuildFile; fileRef = 60D81A482A0FC8F400218B29 /* TestViewController.swift */; };
		60D81A562A0FC8F400218B29 /* WebViewController.swift in Sources */ = {isa = PBXBuildFile; fileRef = 60D81A492A0FC8F400218B29 /* WebViewController.swift */; };
		819E404B2A0CD8CA00D1F708 /* AppDelegate.swift in Sources */ = {isa = PBXBuildFile; fileRef = 819E404A2A0CD8CA00D1F708 /* AppDelegate.swift */; };
		819E404D2A0CD8CA00D1F708 /* SceneDelegate.swift in Sources */ = {isa = PBXBuildFile; fileRef = 819E404C2A0CD8CA00D1F708 /* SceneDelegate.swift */; };
		819E404F2A0CD8CA00D1F708 /* ViewController.swift in Sources */ = {isa = PBXBuildFile; fileRef = 819E404E2A0CD8CA00D1F708 /* ViewController.swift */; };
		819E40522A0CD8CA00D1F708 /* Main.storyboard in Resources */ = {isa = PBXBuildFile; fileRef = 819E40502A0CD8CA00D1F708 /* Main.storyboard */; };
		819E40542A0CD8CB00D1F708 /* Assets.xcassets in Resources */ = {isa = PBXBuildFile; fileRef = 819E40532A0CD8CB00D1F708 /* Assets.xcassets */; };
		819E40572A0CD8CB00D1F708 /* LaunchScreen.storyboard in Resources */ = {isa = PBXBuildFile; fileRef = 819E40552A0CD8CB00D1F708 /* LaunchScreen.storyboard */; };
		F96A6472B583C41542ED615A /* Pods_Example.framework in Frameworks */ = {isa = PBXBuildFile; fileRef = 34ACEA28CEC6A94794D6D89F /* Pods_Example.framework */; };
/* End PBXBuildFile section */

/* Begin PBXFileReference section */
		34ACEA28CEC6A94794D6D89F /* Pods_Example.framework */ = {isa = PBXFileReference; explicitFileType = wrapper.framework; includeInIndex = 0; path = Pods_Example.framework; sourceTree = BUILT_PRODUCTS_DIR; };
		60D81A3C2A0FC8F300218B29 /* TableViewController.swift */ = {isa = PBXFileReference; fileEncoding = 4; lastKnownFileType = sourcecode.swift; path = TableViewController.swift; sourceTree = "<group>"; };
		60D81A3D2A0FC8F400218B29 /* ExViewController.swift */ = {isa = PBXFileReference; fileEncoding = 4; lastKnownFileType = sourcecode.swift; path = ExViewController.swift; sourceTree = "<group>"; };
		60D81A3E2A0FC8F400218B29 /* CollectionViewController.swift */ = {isa = PBXFileReference; fileEncoding = 4; lastKnownFileType = sourcecode.swift; path = CollectionViewController.swift; sourceTree = "<group>"; };
		60D81A3F2A0FC8F400218B29 /* SwiftUIView.swift */ = {isa = PBXFileReference; fileEncoding = 4; lastKnownFileType = sourcecode.swift; path = SwiftUIView.swift; sourceTree = "<group>"; };
		60D81A412A0FC8F400218B29 /* UITableViewSnapEx.swift */ = {isa = PBXFileReference; fileEncoding = 4; lastKnownFileType = sourcecode.swift; path = UITableViewSnapEx.swift; sourceTree = "<group>"; };
		60D81A422A0FC8F400218B29 /* UILabelSnapEx.swift */ = {isa = PBXFileReference; fileEncoding = 4; lastKnownFileType = sourcecode.swift; path = UILabelSnapEx.swift; sourceTree = "<group>"; };
		60D81A432A0FC8F400218B29 /* ArrayViewSnapEx.swift */ = {isa = PBXFileReference; fileEncoding = 4; lastKnownFileType = sourcecode.swift; path = ArrayViewSnapEx.swift; sourceTree = "<group>"; };
		60D81A442A0FC8F400218B29 /* Neumorphic.swift */ = {isa = PBXFileReference; fileEncoding = 4; lastKnownFileType = sourcecode.swift; path = Neumorphic.swift; sourceTree = "<group>"; };
		60D81A452A0FC8F400218B29 /* UIButtonSnapEx.swift */ = {isa = PBXFileReference; fileEncoding = 4; lastKnownFileType = sourcecode.swift; path = UIButtonSnapEx.swift; sourceTree = "<group>"; };
		60D81A462A0FC8F400218B29 /* UIViewSnapEx.swift */ = {isa = PBXFileReference; fileEncoding = 4; lastKnownFileType = sourcecode.swift; path = UIViewSnapEx.swift; sourceTree = "<group>"; };
		60D81A472A0FC8F400218B29 /* UIImageViewSnapEx.swift */ = {isa = PBXFileReference; fileEncoding = 4; lastKnownFileType = sourcecode.swift; path = UIImageViewSnapEx.swift; sourceTree = "<group>"; };
		60D81A482A0FC8F400218B29 /* TestViewController.swift */ = {isa = PBXFileReference; fileEncoding = 4; lastKnownFileType = sourcecode.swift; path = TestViewController.swift; sourceTree = "<group>"; };
		60D81A492A0FC8F400218B29 /* WebViewController.swift */ = {isa = PBXFileReference; fileEncoding = 4; lastKnownFileType = sourcecode.swift; path = WebViewController.swift; sourceTree = "<group>"; };
		60E8A41EC1A6B42D992A3AC4 /* Pods-Example.debug.xcconfig */ = {isa = PBXFileReference; includeInIndex = 1; lastKnownFileType = text.xcconfig; name = "Pods-Example.debug.xcconfig"; path = "Target Support Files/Pods-Example/Pods-Example.debug.xcconfig"; sourceTree = "<group>"; };
		6C1017E61C1A2E759F5145C4 /* Pods-Example.release.xcconfig */ = {isa = PBXFileReference; includeInIndex = 1; lastKnownFileType = text.xcconfig; name = "Pods-Example.release.xcconfig"; path = "Target Support Files/Pods-Example/Pods-Example.release.xcconfig"; sourceTree = "<group>"; };
		819E40472A0CD8CA00D1F708 /* Example.app */ = {isa = PBXFileReference; explicitFileType = wrapper.application; includeInIndex = 0; path = Example.app; sourceTree = BUILT_PRODUCTS_DIR; };
		819E404A2A0CD8CA00D1F708 /* AppDelegate.swift */ = {isa = PBXFileReference; lastKnownFileType = sourcecode.swift; path = AppDelegate.swift; sourceTree = "<group>"; };
		819E404C2A0CD8CA00D1F708 /* SceneDelegate.swift */ = {isa = PBXFileReference; lastKnownFileType = sourcecode.swift; path = SceneDelegate.swift; sourceTree = "<group>"; };
		819E404E2A0CD8CA00D1F708 /* ViewController.swift */ = {isa = PBXFileReference; lastKnownFileType = sourcecode.swift; path = ViewController.swift; sourceTree = "<group>"; };
		819E40512A0CD8CA00D1F708 /* Base */ = {isa = PBXFileReference; lastKnownFileType = file.storyboard; name = Base; path = Base.lproj/Main.storyboard; sourceTree = "<group>"; };
		819E40532A0CD8CB00D1F708 /* Assets.xcassets */ = {isa = PBXFileReference; lastKnownFileType = folder.assetcatalog; path = Assets.xcassets; sourceTree = "<group>"; };
		819E40562A0CD8CB00D1F708 /* Base */ = {isa = PBXFileReference; lastKnownFileType = file.storyboard; name = Base; path = Base.lproj/LaunchScreen.storyboard; sourceTree = "<group>"; };
		819E40582A0CD8CB00D1F708 /* Info.plist */ = {isa = PBXFileReference; lastKnownFileType = text.plist.xml; path = Info.plist; sourceTree = "<group>"; };
/* End PBXFileReference section */

/* Begin PBXFrameworksBuildPhase section */
		819E40442A0CD8CA00D1F708 /* Frameworks */ = {
			isa = PBXFrameworksBuildPhase;
			buildActionMask = 2147483647;
			files = (
				F96A6472B583C41542ED615A /* Pods_Example.framework in Frameworks */,
			);
			runOnlyForDeploymentPostprocessing = 0;
		};
/* End PBXFrameworksBuildPhase section */

/* Begin PBXGroup section */
		60D81A402A0FC8F400218B29 /* Tools */ = {
			isa = PBXGroup;
			children = (
				60D81A412A0FC8F400218B29 /* UITableViewSnapEx.swift */,
				60D81A422A0FC8F400218B29 /* UILabelSnapEx.swift */,
				60D81A432A0FC8F400218B29 /* ArrayViewSnapEx.swift */,
				60D81A442A0FC8F400218B29 /* Neumorphic.swift */,
				60D81A452A0FC8F400218B29 /* UIButtonSnapEx.swift */,
				60D81A462A0FC8F400218B29 /* UIViewSnapEx.swift */,
				60D81A472A0FC8F400218B29 /* UIImageViewSnapEx.swift */,
			);
			path = Tools;
			sourceTree = "<group>";
		};
		819E403E2A0CD8CA00D1F708 = {
			isa = PBXGroup;
			children = (
				819E40492A0CD8CA00D1F708 /* SwiftBrick */,
				819E40482A0CD8CA00D1F708 /* Products */,
				B15CD3B30103DD90BF9DAABA /* Pods */,
				A04E6ED793EF8B845BE46E25 /* Frameworks */,
			);
			sourceTree = "<group>";
		};
		819E40482A0CD8CA00D1F708 /* Products */ = {
			isa = PBXGroup;
			children = (
				819E40472A0CD8CA00D1F708 /* Example.app */,
			);
			name = Products;
			sourceTree = "<group>";
		};
		819E40492A0CD8CA00D1F708 /* SwiftBrick */ = {
			isa = PBXGroup;
			children = (
				819E404A2A0CD8CA00D1F708 /* AppDelegate.swift */,
				819E404C2A0CD8CA00D1F708 /* SceneDelegate.swift */,
				819E404E2A0CD8CA00D1F708 /* ViewController.swift */,
				60D81A3E2A0FC8F400218B29 /* CollectionViewController.swift */,
				60D81A3D2A0FC8F400218B29 /* ExViewController.swift */,
				60D81A3F2A0FC8F400218B29 /* SwiftUIView.swift */,
				60D81A3C2A0FC8F300218B29 /* TableViewController.swift */,
				60D81A482A0FC8F400218B29 /* TestViewController.swift */,
				60D81A402A0FC8F400218B29 /* Tools */,
				60D81A492A0FC8F400218B29 /* WebViewController.swift */,
				819E40502A0CD8CA00D1F708 /* Main.storyboard */,
				819E40532A0CD8CB00D1F708 /* Assets.xcassets */,
				819E40552A0CD8CB00D1F708 /* LaunchScreen.storyboard */,
				819E40582A0CD8CB00D1F708 /* Info.plist */,
			);
			path = SwiftBrick;
			sourceTree = "<group>";
		};
		A04E6ED793EF8B845BE46E25 /* Frameworks */ = {
			isa = PBXGroup;
			children = (
				34ACEA28CEC6A94794D6D89F /* Pods_Example.framework */,
			);
			name = Frameworks;
			sourceTree = "<group>";
		};
		B15CD3B30103DD90BF9DAABA /* Pods */ = {
			isa = PBXGroup;
			children = (
				60E8A41EC1A6B42D992A3AC4 /* Pods-Example.debug.xcconfig */,
				6C1017E61C1A2E759F5145C4 /* Pods-Example.release.xcconfig */,
			);
			path = Pods;
			sourceTree = "<group>";
		};
/* End PBXGroup section */

/* Begin PBXNativeTarget section */
		819E40462A0CD8CA00D1F708 /* Example */ = {
			isa = PBXNativeTarget;
			buildConfigurationList = 819E405B2A0CD8CB00D1F708 /* Build configuration list for PBXNativeTarget "Example" */;
			buildPhases = (
				5527E90A51F3165CFFB97D3B /* [CP] Check Pods Manifest.lock */,
				819E40432A0CD8CA00D1F708 /* Sources */,
				819E40442A0CD8CA00D1F708 /* Frameworks */,
				819E40452A0CD8CA00D1F708 /* Resources */,
				FA8FA7F0D348E22EC125DC2F /* [CP] Embed Pods Frameworks */,
			);
			buildRules = (
			);
			dependencies = (
			);
			name = Example;
			productName = SwiftBrick;
			productReference = 819E40472A0CD8CA00D1F708 /* Example.app */;
			productType = "com.apple.product-type.application";
		};
/* End PBXNativeTarget section */

/* Begin PBXProject section */
		819E403F2A0CD8CA00D1F708 /* Project object */ = {
			isa = PBXProject;
			attributes = {
				BuildIndependentTargetsInParallel = 1;
				LastSwiftUpdateCheck = 1420;
				LastUpgradeCheck = 1420;
				TargetAttributes = {
					819E40462A0CD8CA00D1F708 = {
						CreatedOnToolsVersion = 14.2;
					};
				};
			};
			buildConfigurationList = 819E40422A0CD8CA00D1F708 /* Build configuration list for PBXProject "SwiftBrick" */;
			compatibilityVersion = "Xcode 13.0";
			developmentRegion = en;
			hasScannedForEncodings = 0;
			knownRegions = (
				en,
				Base,
			);
			mainGroup = 819E403E2A0CD8CA00D1F708;
			productRefGroup = 819E40482A0CD8CA00D1F708 /* Products */;
			projectDirPath = "";
			projectRoot = "";
			targets = (
				819E40462A0CD8CA00D1F708 /* Example */,
			);
		};
/* End PBXProject section */

/* Begin PBXResourcesBuildPhase section */
		819E40452A0CD8CA00D1F708 /* Resources */ = {
			isa = PBXResourcesBuildPhase;
			buildActionMask = 2147483647;
			files = (
				819E40572A0CD8CB00D1F708 /* LaunchScreen.storyboard in Resources */,
				819E40542A0CD8CB00D1F708 /* Assets.xcassets in Resources */,
				819E40522A0CD8CA00D1F708 /* Main.storyboard in Resources */,
			);
			runOnlyForDeploymentPostprocessing = 0;
		};
/* End PBXResourcesBuildPhase section */

/* Begin PBXShellScriptBuildPhase section */
		5527E90A51F3165CFFB97D3B /* [CP] Check Pods Manifest.lock */ = {
			isa = PBXShellScriptBuildPhase;
			buildActionMask = 2147483647;
			files = (
			);
			inputFileListPaths = (
			);
			inputPaths = (
				"${PODS_PODFILE_DIR_PATH}/Podfile.lock",
				"${PODS_ROOT}/Manifest.lock",
			);
			name = "[CP] Check Pods Manifest.lock";
			outputFileListPaths = (
			);
			outputPaths = (
				"$(DERIVED_FILE_DIR)/Pods-Example-checkManifestLockResult.txt",
			);
			runOnlyForDeploymentPostprocessing = 0;
			shellPath = /bin/sh;
			shellScript = "diff \"${PODS_PODFILE_DIR_PATH}/Podfile.lock\" \"${PODS_ROOT}/Manifest.lock\" > /dev/null\nif [ $? != 0 ] ; then\n    # print error to STDERR\n    echo \"error: The sandbox is not in sync with the Podfile.lock. Run 'pod install' or update your CocoaPods installation.\" >&2\n    exit 1\nfi\n# This output is used by Xcode 'outputs' to avoid re-running this script phase.\necho \"SUCCESS\" > \"${SCRIPT_OUTPUT_FILE_0}\"\n";
			showEnvVarsInLog = 0;
		};
		FA8FA7F0D348E22EC125DC2F /* [CP] Embed Pods Frameworks */ = {
			isa = PBXShellScriptBuildPhase;
			buildActionMask = 2147483647;
			files = (
			);
			inputFileListPaths = (
				"${PODS_ROOT}/Target Support Files/Pods-Example/Pods-Example-frameworks-${CONFIGURATION}-input-files.xcfilelist",
			);
			name = "[CP] Embed Pods Frameworks";
			outputFileListPaths = (
				"${PODS_ROOT}/Target Support Files/Pods-Example/Pods-Example-frameworks-${CONFIGURATION}-output-files.xcfilelist",
			);
			runOnlyForDeploymentPostprocessing = 0;
			shellPath = /bin/sh;
			shellScript = "\"${PODS_ROOT}/Target Support Files/Pods-Example/Pods-Example-frameworks.sh\"\n";
			showEnvVarsInLog = 0;
		};
/* End PBXShellScriptBuildPhase section */

/* Begin PBXSourcesBuildPhase section */
		819E40432A0CD8CA00D1F708 /* Sources */ = {
			isa = PBXSourcesBuildPhase;
			buildActionMask = 2147483647;
			files = (
				60D81A4C2A0FC8F400218B29 /* CollectionViewController.swift in Sources */,
				60D81A532A0FC8F400218B29 /* UIViewSnapEx.swift in Sources */,
				60D81A4D2A0FC8F400218B29 /* SwiftUIView.swift in Sources */,
				60D81A4E2A0FC8F400218B29 /* UITableViewSnapEx.swift in Sources */,
				60D81A502A0FC8F400218B29 /* ArrayViewSnapEx.swift in Sources */,
				60D81A512A0FC8F400218B29 /* Neumorphic.swift in Sources */,
				819E404F2A0CD8CA00D1F708 /* ViewController.swift in Sources */,
				60D81A4B2A0FC8F400218B29 /* ExViewController.swift in Sources */,
				819E404B2A0CD8CA00D1F708 /* AppDelegate.swift in Sources */,
				60D81A522A0FC8F400218B29 /* UIButtonSnapEx.swift in Sources */,
				60D81A552A0FC8F400218B29 /* TestViewController.swift in Sources */,
				819E404D2A0CD8CA00D1F708 /* SceneDelegate.swift in Sources */,
				60D81A542A0FC8F400218B29 /* UIImageViewSnapEx.swift in Sources */,
				60D81A4F2A0FC8F400218B29 /* UILabelSnapEx.swift in Sources */,
				60D81A4A2A0FC8F400218B29 /* TableViewController.swift in Sources */,
				60D81A562A0FC8F400218B29 /* WebViewController.swift in Sources */,
			);
			runOnlyForDeploymentPostprocessing = 0;
		};
/* End PBXSourcesBuildPhase section */

/* Begin PBXVariantGroup section */
		819E40502A0CD8CA00D1F708 /* Main.storyboard */ = {
			isa = PBXVariantGroup;
			children = (
				819E40512A0CD8CA00D1F708 /* Base */,
			);
			name = Main.storyboard;
			sourceTree = "<group>";
		};
		819E40552A0CD8CB00D1F708 /* LaunchScreen.storyboard */ = {
			isa = PBXVariantGroup;
			children = (
				819E40562A0CD8CB00D1F708 /* Base */,
			);
			name = LaunchScreen.storyboard;
			sourceTree = "<group>";
		};
/* End PBXVariantGroup section */

/* Begin XCBuildConfiguration section */
		819E40592A0CD8CB00D1F708 /* Debug */ = {
			isa = XCBuildConfiguration;
			buildSettings = {
				ALWAYS_SEARCH_USER_PATHS = NO;
				CLANG_ANALYZER_NONNULL = YES;
				CLANG_ANALYZER_NUMBER_OBJECT_CONVERSION = YES_AGGRESSIVE;
				CLANG_CXX_LANGUAGE_STANDARD = "gnu++20";
				CLANG_ENABLE_MODULES = YES;
				CLANG_ENABLE_OBJC_ARC = YES;
				CLANG_ENABLE_OBJC_WEAK = YES;
				CLANG_WARN_BLOCK_CAPTURE_AUTORELEASING = YES;
				CLANG_WARN_BOOL_CONVERSION = YES;
				CLANG_WARN_COMMA = YES;
				CLANG_WARN_CONSTANT_CONVERSION = YES;
				CLANG_WARN_DEPRECATED_OBJC_IMPLEMENTATIONS = YES;
				CLANG_WARN_DIRECT_OBJC_ISA_USAGE = YES_ERROR;
				CLANG_WARN_DOCUMENTATION_COMMENTS = YES;
				CLANG_WARN_EMPTY_BODY = YES;
				CLANG_WARN_ENUM_CONVERSION = YES;
				CLANG_WARN_INFINITE_RECURSION = YES;
				CLANG_WARN_INT_CONVERSION = YES;
				CLANG_WARN_NON_LITERAL_NULL_CONVERSION = YES;
				CLANG_WARN_OBJC_IMPLICIT_RETAIN_SELF = YES;
				CLANG_WARN_OBJC_LITERAL_CONVERSION = YES;
				CLANG_WARN_OBJC_ROOT_CLASS = YES_ERROR;
				CLANG_WARN_QUOTED_INCLUDE_IN_FRAMEWORK_HEADER = YES;
				CLANG_WARN_RANGE_LOOP_ANALYSIS = YES;
				CLANG_WARN_STRICT_PROTOTYPES = YES;
				CLANG_WARN_SUSPICIOUS_MOVE = YES;
				CLANG_WARN_UNGUARDED_AVAILABILITY = YES_AGGRESSIVE;
				CLANG_WARN_UNREACHABLE_CODE = YES;
				CLANG_WARN__DUPLICATE_METHOD_MATCH = YES;
				COPY_PHASE_STRIP = NO;
				DEBUG_INFORMATION_FORMAT = dwarf;
				ENABLE_STRICT_OBJC_MSGSEND = YES;
				ENABLE_TESTABILITY = YES;
				GCC_C_LANGUAGE_STANDARD = gnu11;
				GCC_DYNAMIC_NO_PIC = NO;
				GCC_NO_COMMON_BLOCKS = YES;
				GCC_OPTIMIZATION_LEVEL = 0;
				GCC_PREPROCESSOR_DEFINITIONS = (
					"DEBUG=1",
					"$(inherited)",
				);
				GCC_WARN_64_TO_32_BIT_CONVERSION = YES;
				GCC_WARN_ABOUT_RETURN_TYPE = YES_ERROR;
				GCC_WARN_UNDECLARED_SELECTOR = YES;
				GCC_WARN_UNINITIALIZED_AUTOS = YES_AGGRESSIVE;
				GCC_WARN_UNUSED_FUNCTION = YES;
				GCC_WARN_UNUSED_VARIABLE = YES;
				IPHONEOS_DEPLOYMENT_TARGET = 14.0;
				MTL_ENABLE_DEBUG_INFO = INCLUDE_SOURCE;
				MTL_FAST_MATH = YES;
				ONLY_ACTIVE_ARCH = YES;
				SDKROOT = iphoneos;
				SWIFT_ACTIVE_COMPILATION_CONDITIONS = DEBUG;
				SWIFT_OPTIMIZATION_LEVEL = "-Onone";
			};
			name = Debug;
		};
		819E405A2A0CD8CB00D1F708 /* Release */ = {
			isa = XCBuildConfiguration;
			buildSettings = {
				ALWAYS_SEARCH_USER_PATHS = NO;
				CLANG_ANALYZER_NONNULL = YES;
				CLANG_ANALYZER_NUMBER_OBJECT_CONVERSION = YES_AGGRESSIVE;
				CLANG_CXX_LANGUAGE_STANDARD = "gnu++20";
				CLANG_ENABLE_MODULES = YES;
				CLANG_ENABLE_OBJC_ARC = YES;
				CLANG_ENABLE_OBJC_WEAK = YES;
				CLANG_WARN_BLOCK_CAPTURE_AUTORELEASING = YES;
				CLANG_WARN_BOOL_CONVERSION = YES;
				CLANG_WARN_COMMA = YES;
				CLANG_WARN_CONSTANT_CONVERSION = YES;
				CLANG_WARN_DEPRECATED_OBJC_IMPLEMENTATIONS = YES;
				CLANG_WARN_DIRECT_OBJC_ISA_USAGE = YES_ERROR;
				CLANG_WARN_DOCUMENTATION_COMMENTS = YES;
				CLANG_WARN_EMPTY_BODY = YES;
				CLANG_WARN_ENUM_CONVERSION = YES;
				CLANG_WARN_INFINITE_RECURSION = YES;
				CLANG_WARN_INT_CONVERSION = YES;
				CLANG_WARN_NON_LITERAL_NULL_CONVERSION = YES;
				CLANG_WARN_OBJC_IMPLICIT_RETAIN_SELF = YES;
				CLANG_WARN_OBJC_LITERAL_CONVERSION = YES;
				CLANG_WARN_OBJC_ROOT_CLASS = YES_ERROR;
				CLANG_WARN_QUOTED_INCLUDE_IN_FRAMEWORK_HEADER = YES;
				CLANG_WARN_RANGE_LOOP_ANALYSIS = YES;
				CLANG_WARN_STRICT_PROTOTYPES = YES;
				CLANG_WARN_SUSPICIOUS_MOVE = YES;
				CLANG_WARN_UNGUARDED_AVAILABILITY = YES_AGGRESSIVE;
				CLANG_WARN_UNREACHABLE_CODE = YES;
				CLANG_WARN__DUPLICATE_METHOD_MATCH = YES;
				COPY_PHASE_STRIP = NO;
				DEBUG_INFORMATION_FORMAT = "dwarf-with-dsym";
				ENABLE_NS_ASSERTIONS = NO;
				ENABLE_STRICT_OBJC_MSGSEND = YES;
				GCC_C_LANGUAGE_STANDARD = gnu11;
				GCC_NO_COMMON_BLOCKS = YES;
				GCC_WARN_64_TO_32_BIT_CONVERSION = YES;
				GCC_WARN_ABOUT_RETURN_TYPE = YES_ERROR;
				GCC_WARN_UNDECLARED_SELECTOR = YES;
				GCC_WARN_UNINITIALIZED_AUTOS = YES_AGGRESSIVE;
				GCC_WARN_UNUSED_FUNCTION = YES;
				GCC_WARN_UNUSED_VARIABLE = YES;
				IPHONEOS_DEPLOYMENT_TARGET = 14.0;
				MTL_ENABLE_DEBUG_INFO = NO;
				MTL_FAST_MATH = YES;
				SDKROOT = iphoneos;
				SWIFT_COMPILATION_MODE = wholemodule;
				SWIFT_OPTIMIZATION_LEVEL = "-O";
				VALIDATE_PRODUCT = YES;
			};
			name = Release;
		};
		819E405C2A0CD8CB00D1F708 /* Debug */ = {
			isa = XCBuildConfiguration;
			baseConfigurationReference = 60E8A41EC1A6B42D992A3AC4 /* Pods-Example.debug.xcconfig */;
			buildSettings = {
				ASSETCATALOG_COMPILER_APPICON_NAME = AppIcon;
				ASSETCATALOG_COMPILER_GLOBAL_ACCENT_COLOR_NAME = AccentColor;
				CODE_SIGN_STYLE = Automatic;
				CURRENT_PROJECT_VERSION = 1;
				CURRENT_SwiftBrick_VERSION = 1;
				GENERATE_INFOPLIST_FILE = YES;
				INFOPLIST_FILE = SwiftBrick/Info.plist;
				INFOPLIST_KEY_UIApplicationSupportsIndirectInputEvents = YES;
				INFOPLIST_KEY_UILaunchStoryboardName = LaunchScreen;
				INFOPLIST_KEY_UIMainStoryboardFile = Main;
				INFOPLIST_KEY_UISupportedInterfaceOrientations_iPad = "UIInterfaceOrientationPortrait UIInterfaceOrientationPortraitUpsideDown UIInterfaceOrientationLandscapeLeft UIInterfaceOrientationLandscapeRight";
				INFOPLIST_KEY_UISupportedInterfaceOrientations_iPhone = "UIInterfaceOrientationPortrait UIInterfaceOrientationLandscapeLeft UIInterfaceOrientationLandscapeRight";
				IPHONEOS_DEPLOYMENT_TARGET = 14.0;
				LD_RUNPATH_SEARCH_PATHS = (
					"$(inherited)",
					"@executable_path/Frameworks",
				);
				MARKETING_VERSION = 1.0.0;
				PRODUCT_BUNDLE_IDENTIFIER = com.hu.app.SwiftBrick;
				PRODUCT_NAME = "$(TARGET_NAME)";
				SWIFT_EMIT_LOC_STRINGS = YES;
				SWIFT_VERSION = 5.0;
				TARGETED_DEVICE_FAMILY = "1,2";
			};
			name = Debug;
		};
		819E405D2A0CD8CB00D1F708 /* Release */ = {
			isa = XCBuildConfiguration;
			baseConfigurationReference = 6C1017E61C1A2E759F5145C4 /* Pods-Example.release.xcconfig */;
			buildSettings = {
				ASSETCATALOG_COMPILER_APPICON_NAME = AppIcon;
				ASSETCATALOG_COMPILER_GLOBAL_ACCENT_COLOR_NAME = AccentColor;
				CODE_SIGN_STYLE = Automatic;
				CURRENT_PROJECT_VERSION = 1;
				CURRENT_SwiftBrick_VERSION = 1;
				GENERATE_INFOPLIST_FILE = YES;
				INFOPLIST_FILE = SwiftBrick/Info.plist;
				INFOPLIST_KEY_UIApplicationSupportsIndirectInputEvents = YES;
				INFOPLIST_KEY_UILaunchStoryboardName = LaunchScreen;
				INFOPLIST_KEY_UIMainStoryboardFile = Main;
				INFOPLIST_KEY_UISupportedInterfaceOrientations_iPad = "UIInterfaceOrientationPortrait UIInterfaceOrientationPortraitUpsideDown UIInterfaceOrientationLandscapeLeft UIInterfaceOrientationLandscapeRight";
				INFOPLIST_KEY_UISupportedInterfaceOrientations_iPhone = "UIInterfaceOrientationPortrait UIInterfaceOrientationLandscapeLeft UIInterfaceOrientationLandscapeRight";
				IPHONEOS_DEPLOYMENT_TARGET = 14.0;
				LD_RUNPATH_SEARCH_PATHS = (
					"$(inherited)",
					"@executable_path/Frameworks",
				);
				MARKETING_VERSION = 1.0.0;
				PRODUCT_BUNDLE_IDENTIFIER = com.hu.app.SwiftBrick;
				PRODUCT_NAME = "$(TARGET_NAME)";
				SWIFT_EMIT_LOC_STRINGS = YES;
				SWIFT_VERSION = 5.0;
				TARGETED_DEVICE_FAMILY = "1,2";
			};
			name = Release;
		};
/* End XCBuildConfiguration section */

/* Begin XCConfigurationList section */
		819E40422A0CD8CA00D1F708 /* Build configuration list for PBXProject "SwiftBrick" */ = {
			isa = XCConfigurationList;
			buildConfigurations = (
				819E40592A0CD8CB00D1F708 /* Debug */,
				819E405A2A0CD8CB00D1F708 /* Release */,
			);
			defaultConfigurationIsVisible = 0;
			defaultConfigurationName = Release;
		};
		819E405B2A0CD8CB00D1F708 /* Build configuration list for PBXNativeTarget "Example" */ = {
			isa = XCConfigurationList;
			buildConfigurations = (
				819E405C2A0CD8CB00D1F708 /* Debug */,
				819E405D2A0CD8CB00D1F708 /* Release */,
			);
			defaultConfigurationIsVisible = 0;
			defaultConfigurationName = Release;
		};
/* End XCConfigurationList section */
	};
	rootObject = 819E403F2A0CD8CA00D1F708 /* Project object */;
}
