// !$*UTF8*$!
{
	archiveVersion = 1;
	classes = {
	};
	objectVersion = 51;
	objects = {

/* Begin PBXBuildFile section */
		81185EB52455A9260030329B /* UITabBarEx.swift in Sources */ = {isa = PBXBuildFile; fileRef = 81185EB42455A9260030329B /* UITabBarEx.swift */; };
		81583DD324752ED800260DCF /* UITableViewCellEX.swift in Sources */ = {isa = PBXBuildFile; fileRef = 81583DD224752ED700260DCF /* UITableViewCellEX.swift */; };
		816DABED2433351000E2B77B /* StatusBaEx.swift in Sources */ = {isa = PBXBuildFile; fileRef = 816DABEC2433351000E2B77B /* StatusBaEx.swift */; };
		81DAE107247E3E1B00F5AB69 /* CoutemHeader.swift in Sources */ = {isa = PBXBuildFile; fileRef = 81DAE106247E3E1B00F5AB69 /* CoutemHeader.swift */; };
		81F0617B246E945D00F0B2D3 /* CellProtocol.swift in Sources */ = {isa = PBXBuildFile; fileRef = 81F0617A246E945D00F0B2D3 /* CellProtocol.swift */; };
		81F709FF23CF18CC002E9DFA /* UIButtonEx.swift in Sources */ = {isa = PBXBuildFile; fileRef = 81F709FE23CF18CC002E9DFA /* UIButtonEx.swift */; };
		81FF04DF246D4D7300367E2D /* TestCell.swift in Sources */ = {isa = PBXBuildFile; fileRef = 81FF04DE246D4D7300367E2D /* TestCell.swift */; };
		9111500823838CC200AE47DF /* AppDelegate.swift in Sources */ = {isa = PBXBuildFile; fileRef = 9111500723838CC200AE47DF /* AppDelegate.swift */; };
		9111500A23838CC200AE47DF /* SceneDelegate.swift in Sources */ = {isa = PBXBuildFile; fileRef = 9111500923838CC200AE47DF /* SceneDelegate.swift */; };
		9111500C23838CC200AE47DF /* ViewController.swift in Sources */ = {isa = PBXBuildFile; fileRef = 9111500B23838CC200AE47DF /* ViewController.swift */; };
		9111500F23838CC200AE47DF /* Main.storyboard in Resources */ = {isa = PBXBuildFile; fileRef = 9111500D23838CC200AE47DF /* Main.storyboard */; };
		9111501123838CC300AE47DF /* Assets.xcassets in Resources */ = {isa = PBXBuildFile; fileRef = 9111501023838CC300AE47DF /* Assets.xcassets */; };
		9111501423838CC300AE47DF /* LaunchScreen.storyboard in Resources */ = {isa = PBXBuildFile; fileRef = 9111501223838CC300AE47DF /* LaunchScreen.storyboard */; };
		9111502723838DD100AE47DF /* JHCollectionViewController.swift in Sources */ = {isa = PBXBuildFile; fileRef = 9111501E23838DD100AE47DF /* JHCollectionViewController.swift */; };
		9111502823838DD100AE47DF /* JHTableViewController.swift in Sources */ = {isa = PBXBuildFile; fileRef = 9111501F23838DD100AE47DF /* JHTableViewController.swift */; };
		9111502923838DD100AE47DF /* JHWebViewController.swift in Sources */ = {isa = PBXBuildFile; fileRef = 9111502023838DD100AE47DF /* JHWebViewController.swift */; };
		9111502A23838DD100AE47DF /* JHViewController.swift in Sources */ = {isa = PBXBuildFile; fileRef = 9111502123838DD100AE47DF /* JHViewController.swift */; };
		9111502B23838DD100AE47DF /* Images.xcassets in Resources */ = {isa = PBXBuildFile; fileRef = 9111502223838DD100AE47DF /* Images.xcassets */; };
		9111502C23838DD100AE47DF /* Loader.swift in Sources */ = {isa = PBXBuildFile; fileRef = 9111502423838DD100AE47DF /* Loader.swift */; };
		9111502D23838DD100AE47DF /* JHTableViewCell.swift in Sources */ = {isa = PBXBuildFile; fileRef = 9111502523838DD100AE47DF /* JHTableViewCell.swift */; };
		9111502E23838DD100AE47DF /* Define.swift in Sources */ = {isa = PBXBuildFile; fileRef = 9111502623838DD100AE47DF /* Define.swift */; };
		9111503023838E1A00AE47DF /* TableViewController.swift in Sources */ = {isa = PBXBuildFile; fileRef = 9111502F23838E1A00AE47DF /* TableViewController.swift */; };
		911150322383BD8300AE47DF /* JHTableViewHeaderFooterView.swift in Sources */ = {isa = PBXBuildFile; fileRef = 911150312383BD8300AE47DF /* JHTableViewHeaderFooterView.swift */; };
		911150342383BDA100AE47DF /* JHCollectionViewCell.swift in Sources */ = {isa = PBXBuildFile; fileRef = 911150332383BDA100AE47DF /* JHCollectionViewCell.swift */; };
		911150362383BDB300AE47DF /* JHCollectionReusableView.swift in Sources */ = {isa = PBXBuildFile; fileRef = 911150352383BDB300AE47DF /* JHCollectionReusableView.swift */; };
		911150382383DABF00AE47DF /* CollectionViewController.swift in Sources */ = {isa = PBXBuildFile; fileRef = 911150372383DABF00AE47DF /* CollectionViewController.swift */; };
		9128EBB0238786C5006890C9 /* CALayerEx.swift in Sources */ = {isa = PBXBuildFile; fileRef = 9128EBAF238786C5006890C9 /* CALayerEx.swift */; };
		9128EBB22387B032006890C9 /* SnapKitTool.swift in Sources */ = {isa = PBXBuildFile; fileRef = 9128EBB12387B032006890C9 /* SnapKitTool.swift */; };
		9128EBB42387B0DE006890C9 /* UIGestureRecognizerEx.swift in Sources */ = {isa = PBXBuildFile; fileRef = 9128EBB32387B0DE006890C9 /* UIGestureRecognizerEx.swift */; };
		9128EBB62387C0C0006890C9 /* UIImageViewSnapEx.swift in Sources */ = {isa = PBXBuildFile; fileRef = 9128EBB52387C0C0006890C9 /* UIImageViewSnapEx.swift */; };
		9128EBB82387D608006890C9 /* UIButtonSnapEx.swift in Sources */ = {isa = PBXBuildFile; fileRef = 9128EBB72387D608006890C9 /* UIButtonSnapEx.swift */; };
		9128EBBA2387EFAA006890C9 /* UILabelSnapEx.swift in Sources */ = {isa = PBXBuildFile; fileRef = 9128EBB92387EFAA006890C9 /* UILabelSnapEx.swift */; };
		9128EBBC2387EFC3006890C9 /* UITextFieldSnapEx.swift in Sources */ = {isa = PBXBuildFile; fileRef = 9128EBBB2387EFC3006890C9 /* UITextFieldSnapEx.swift */; };
		9128EBBE2387EFD8006890C9 /* UITextViewSnapEx.swift in Sources */ = {isa = PBXBuildFile; fileRef = 9128EBBD2387EFD8006890C9 /* UITextViewSnapEx.swift */; };
		9128EBC02387EFF6006890C9 /* UITableViewSnapEx.swift in Sources */ = {isa = PBXBuildFile; fileRef = 9128EBBF2387EFF6006890C9 /* UITableViewSnapEx.swift */; };
		9128EBC22387F00F006890C9 /* UICollectionViewSnapEx.swift in Sources */ = {isa = PBXBuildFile; fileRef = 9128EBC12387F00F006890C9 /* UICollectionViewSnapEx.swift */; };
		916226112385247F0050F228 /* WebViewController.swift in Sources */ = {isa = PBXBuildFile; fileRef = 916226102385247F0050F228 /* WebViewController.swift */; };
		91622616238544440050F228 /* UIViewSnapEx.swift in Sources */ = {isa = PBXBuildFile; fileRef = 91622615238544440050F228 /* UIViewSnapEx.swift */; };
		9162261A2385534D0050F228 /* ExViewController.swift in Sources */ = {isa = PBXBuildFile; fileRef = 916226192385534D0050F228 /* ExViewController.swift */; };
		917FBC24238BC3640083721A /* UIColorEx.swift in Sources */ = {isa = PBXBuildFile; fileRef = 917FBC23238BC3640083721A /* UIColorEx.swift */; };
		917FBC28238CCD520083721A /* UINavigationControllerEx.swift in Sources */ = {isa = PBXBuildFile; fileRef = 917FBC27238CCD520083721A /* UINavigationControllerEx.swift */; };
		F9A51B6F3DF1CF4CF6DB8395 /* Pods_SwiftBrick.framework in Frameworks */ = {isa = PBXBuildFile; fileRef = A9342C3A00A9D0D1AC583F1C /* Pods_SwiftBrick.framework */; };
/* End PBXBuildFile section */

/* Begin PBXFileReference section */
		77965A09D8F67F588257CBE9 /* Pods-SwiftBrick.debug.xcconfig */ = {isa = PBXFileReference; includeInIndex = 1; lastKnownFileType = text.xcconfig; name = "Pods-SwiftBrick.debug.xcconfig"; path = "Target Support Files/Pods-SwiftBrick/Pods-SwiftBrick.debug.xcconfig"; sourceTree = "<group>"; };
		81185EB42455A9260030329B /* UITabBarEx.swift */ = {isa = PBXFileReference; lastKnownFileType = sourcecode.swift; path = UITabBarEx.swift; sourceTree = "<group>"; };
		81583DD224752ED700260DCF /* UITableViewCellEX.swift */ = {isa = PBXFileReference; lastKnownFileType = sourcecode.swift; path = UITableViewCellEX.swift; sourceTree = "<group>"; };
		816DABEC2433351000E2B77B /* StatusBaEx.swift */ = {isa = PBXFileReference; lastKnownFileType = sourcecode.swift; path = StatusBaEx.swift; sourceTree = "<group>"; };
		81DAE106247E3E1B00F5AB69 /* CoutemHeader.swift */ = {isa = PBXFileReference; lastKnownFileType = sourcecode.swift; path = CoutemHeader.swift; sourceTree = "<group>"; };
		81F0617A246E945D00F0B2D3 /* CellProtocol.swift */ = {isa = PBXFileReference; lastKnownFileType = sourcecode.swift; path = CellProtocol.swift; sourceTree = "<group>"; };
		81F709FE23CF18CC002E9DFA /* UIButtonEx.swift */ = {isa = PBXFileReference; lastKnownFileType = sourcecode.swift; path = UIButtonEx.swift; sourceTree = "<group>"; };
		81FF04DE246D4D7300367E2D /* TestCell.swift */ = {isa = PBXFileReference; lastKnownFileType = sourcecode.swift; path = TestCell.swift; sourceTree = "<group>"; };
		82CE79D1DBAE0B9E369C40C8 /* Pods-SwiftBrick.release.xcconfig */ = {isa = PBXFileReference; includeInIndex = 1; lastKnownFileType = text.xcconfig; name = "Pods-SwiftBrick.release.xcconfig"; path = "Target Support Files/Pods-SwiftBrick/Pods-SwiftBrick.release.xcconfig"; sourceTree = "<group>"; };
		9111500423838CC200AE47DF /* SwiftBrick.app */ = {isa = PBXFileReference; explicitFileType = wrapper.application; includeInIndex = 0; path = SwiftBrick.app; sourceTree = BUILT_PRODUCTS_DIR; };
		9111500723838CC200AE47DF /* AppDelegate.swift */ = {isa = PBXFileReference; lastKnownFileType = sourcecode.swift; path = AppDelegate.swift; sourceTree = "<group>"; };
		9111500923838CC200AE47DF /* SceneDelegate.swift */ = {isa = PBXFileReference; lastKnownFileType = sourcecode.swift; path = SceneDelegate.swift; sourceTree = "<group>"; };
		9111500B23838CC200AE47DF /* ViewController.swift */ = {isa = PBXFileReference; lastKnownFileType = sourcecode.swift; path = ViewController.swift; sourceTree = "<group>"; };
		9111500E23838CC200AE47DF /* Base */ = {isa = PBXFileReference; lastKnownFileType = file.storyboard; name = Base; path = Base.lproj/Main.storyboard; sourceTree = "<group>"; };
		9111501023838CC300AE47DF /* Assets.xcassets */ = {isa = PBXFileReference; lastKnownFileType = folder.assetcatalog; path = Assets.xcassets; sourceTree = "<group>"; };
		9111501323838CC300AE47DF /* Base */ = {isa = PBXFileReference; lastKnownFileType = file.storyboard; name = Base; path = Base.lproj/LaunchScreen.storyboard; sourceTree = "<group>"; };
		9111501523838CC300AE47DF /* Info.plist */ = {isa = PBXFileReference; lastKnownFileType = text.plist.xml; path = Info.plist; sourceTree = "<group>"; };
		9111501E23838DD100AE47DF /* JHCollectionViewController.swift */ = {isa = PBXFileReference; fileEncoding = 4; lastKnownFileType = sourcecode.swift; path = JHCollectionViewController.swift; sourceTree = "<group>"; };
		9111501F23838DD100AE47DF /* JHTableViewController.swift */ = {isa = PBXFileReference; fileEncoding = 4; lastKnownFileType = sourcecode.swift; path = JHTableViewController.swift; sourceTree = "<group>"; };
		9111502023838DD100AE47DF /* JHWebViewController.swift */ = {isa = PBXFileReference; fileEncoding = 4; lastKnownFileType = sourcecode.swift; path = JHWebViewController.swift; sourceTree = "<group>"; };
		9111502123838DD100AE47DF /* JHViewController.swift */ = {isa = PBXFileReference; fileEncoding = 4; lastKnownFileType = sourcecode.swift; path = JHViewController.swift; sourceTree = "<group>"; };
		9111502223838DD100AE47DF /* Images.xcassets */ = {isa = PBXFileReference; lastKnownFileType = folder.assetcatalog; path = Images.xcassets; sourceTree = "<group>"; };
		9111502423838DD100AE47DF /* Loader.swift */ = {isa = PBXFileReference; fileEncoding = 4; lastKnownFileType = sourcecode.swift; path = Loader.swift; sourceTree = "<group>"; };
		9111502523838DD100AE47DF /* JHTableViewCell.swift */ = {isa = PBXFileReference; fileEncoding = 4; lastKnownFileType = sourcecode.swift; path = JHTableViewCell.swift; sourceTree = "<group>"; };
		9111502623838DD100AE47DF /* Define.swift */ = {isa = PBXFileReference; fileEncoding = 4; lastKnownFileType = sourcecode.swift; path = Define.swift; sourceTree = "<group>"; };
		9111502F23838E1A00AE47DF /* TableViewController.swift */ = {isa = PBXFileReference; fileEncoding = 4; lastKnownFileType = sourcecode.swift; path = TableViewController.swift; sourceTree = "<group>"; };
		911150312383BD8300AE47DF /* JHTableViewHeaderFooterView.swift */ = {isa = PBXFileReference; lastKnownFileType = sourcecode.swift; path = JHTableViewHeaderFooterView.swift; sourceTree = "<group>"; };
		911150332383BDA100AE47DF /* JHCollectionViewCell.swift */ = {isa = PBXFileReference; lastKnownFileType = sourcecode.swift; path = JHCollectionViewCell.swift; sourceTree = "<group>"; };
		911150352383BDB300AE47DF /* JHCollectionReusableView.swift */ = {isa = PBXFileReference; lastKnownFileType = sourcecode.swift; path = JHCollectionReusableView.swift; sourceTree = "<group>"; };
		911150372383DABF00AE47DF /* CollectionViewController.swift */ = {isa = PBXFileReference; lastKnownFileType = sourcecode.swift; path = CollectionViewController.swift; sourceTree = "<group>"; };
		9128EBAF238786C5006890C9 /* CALayerEx.swift */ = {isa = PBXFileReference; lastKnownFileType = sourcecode.swift; path = CALayerEx.swift; sourceTree = "<group>"; };
		9128EBB12387B032006890C9 /* SnapKitTool.swift */ = {isa = PBXFileReference; fileEncoding = 4; lastKnownFileType = sourcecode.swift; path = SnapKitTool.swift; sourceTree = "<group>"; };
		9128EBB32387B0DE006890C9 /* UIGestureRecognizerEx.swift */ = {isa = PBXFileReference; fileEncoding = 4; lastKnownFileType = sourcecode.swift; path = UIGestureRecognizerEx.swift; sourceTree = "<group>"; };
		9128EBB52387C0C0006890C9 /* UIImageViewSnapEx.swift */ = {isa = PBXFileReference; lastKnownFileType = sourcecode.swift; path = UIImageViewSnapEx.swift; sourceTree = "<group>"; };
		9128EBB72387D608006890C9 /* UIButtonSnapEx.swift */ = {isa = PBXFileReference; lastKnownFileType = sourcecode.swift; path = UIButtonSnapEx.swift; sourceTree = "<group>"; };
		9128EBB92387EFAA006890C9 /* UILabelSnapEx.swift */ = {isa = PBXFileReference; lastKnownFileType = sourcecode.swift; path = UILabelSnapEx.swift; sourceTree = "<group>"; };
		9128EBBB2387EFC3006890C9 /* UITextFieldSnapEx.swift */ = {isa = PBXFileReference; lastKnownFileType = sourcecode.swift; path = UITextFieldSnapEx.swift; sourceTree = "<group>"; };
		9128EBBD2387EFD8006890C9 /* UITextViewSnapEx.swift */ = {isa = PBXFileReference; lastKnownFileType = sourcecode.swift; path = UITextViewSnapEx.swift; sourceTree = "<group>"; };
		9128EBBF2387EFF6006890C9 /* UITableViewSnapEx.swift */ = {isa = PBXFileReference; lastKnownFileType = sourcecode.swift; path = UITableViewSnapEx.swift; sourceTree = "<group>"; };
		9128EBC12387F00F006890C9 /* UICollectionViewSnapEx.swift */ = {isa = PBXFileReference; lastKnownFileType = sourcecode.swift; path = UICollectionViewSnapEx.swift; sourceTree = "<group>"; };
		916226102385247F0050F228 /* WebViewController.swift */ = {isa = PBXFileReference; lastKnownFileType = sourcecode.swift; path = WebViewController.swift; sourceTree = "<group>"; };
		91622615238544440050F228 /* UIViewSnapEx.swift */ = {isa = PBXFileReference; lastKnownFileType = sourcecode.swift; path = UIViewSnapEx.swift; sourceTree = "<group>"; };
		916226192385534D0050F228 /* ExViewController.swift */ = {isa = PBXFileReference; lastKnownFileType = sourcecode.swift; path = ExViewController.swift; sourceTree = "<group>"; };
		917FBC23238BC3640083721A /* UIColorEx.swift */ = {isa = PBXFileReference; lastKnownFileType = sourcecode.swift; path = UIColorEx.swift; sourceTree = "<group>"; };
		917FBC27238CCD520083721A /* UINavigationControllerEx.swift */ = {isa = PBXFileReference; fileEncoding = 4; lastKnownFileType = sourcecode.swift; path = UINavigationControllerEx.swift; sourceTree = "<group>"; };
		A9342C3A00A9D0D1AC583F1C /* Pods_SwiftBrick.framework */ = {isa = PBXFileReference; explicitFileType = wrapper.framework; includeInIndex = 0; path = Pods_SwiftBrick.framework; sourceTree = BUILT_PRODUCTS_DIR; };
/* End PBXFileReference section */

/* Begin PBXFrameworksBuildPhase section */
		9111500123838CC200AE47DF /* Frameworks */ = {
			isa = PBXFrameworksBuildPhase;
			buildActionMask = 2147483647;
			files = (
				F9A51B6F3DF1CF4CF6DB8395 /* Pods_SwiftBrick.framework in Frameworks */,
			);
			runOnlyForDeploymentPostprocessing = 0;
		};
/* End PBXFrameworksBuildPhase section */

/* Begin PBXGroup section */
		22CD7573DD4619BC58B371D9 /* Frameworks */ = {
			isa = PBXGroup;
			children = (
				A9342C3A00A9D0D1AC583F1C /* Pods_SwiftBrick.framework */,
			);
			name = Frameworks;
			sourceTree = "<group>";
		};
		81583DD42476483900260DCF /* Util */ = {
			isa = PBXGroup;
			children = (
				9111502623838DD100AE47DF /* Define.swift */,
				9111502423838DD100AE47DF /* Loader.swift */,
			);
			path = Util;
			sourceTree = "<group>";
		};
		91114FFB23838CC200AE47DF = {
			isa = PBXGroup;
			children = (
				9111500623838CC200AE47DF /* SwiftBrick */,
				9111500523838CC200AE47DF /* Products */,
				C74C00F04E10698BB2D79B49 /* Pods */,
				22CD7573DD4619BC58B371D9 /* Frameworks */,
			);
			sourceTree = "<group>";
		};
		9111500523838CC200AE47DF /* Products */ = {
			isa = PBXGroup;
			children = (
				9111500423838CC200AE47DF /* SwiftBrick.app */,
			);
			name = Products;
			sourceTree = "<group>";
		};
		9111500623838CC200AE47DF /* SwiftBrick */ = {
			isa = PBXGroup;
			children = (
				9111501B23838DD100AE47DF /* Class */,
				9111500723838CC200AE47DF /* AppDelegate.swift */,
				9111500923838CC200AE47DF /* SceneDelegate.swift */,
				916226192385534D0050F228 /* ExViewController.swift */,
				9111500B23838CC200AE47DF /* ViewController.swift */,
				81DAE106247E3E1B00F5AB69 /* CoutemHeader.swift */,
				9111502F23838E1A00AE47DF /* TableViewController.swift */,
				911150372383DABF00AE47DF /* CollectionViewController.swift */,
				916226102385247F0050F228 /* WebViewController.swift */,
				81FF04DE246D4D7300367E2D /* TestCell.swift */,
				9111500D23838CC200AE47DF /* Main.storyboard */,
				9111501023838CC300AE47DF /* Assets.xcassets */,
				9111501223838CC300AE47DF /* LaunchScreen.storyboard */,
				9111501523838CC300AE47DF /* Info.plist */,
			);
			path = SwiftBrick;
			sourceTree = "<group>";
		};
		9111501B23838DD100AE47DF /* Class */ = {
			isa = PBXGroup;
			children = (
				9111502223838DD100AE47DF /* Images.xcassets */,
				81583DD42476483900260DCF /* Util */,
				917FBC22238BA1240083721A /* ViewFactory */,
				9111501C23838DD100AE47DF /* Extensions */,
				9111501D23838DD100AE47DF /* BaseVC */,
				9111502323838DD100AE47DF /* BaseCell */,
			);
			path = Class;
			sourceTree = "<group>";
		};
		9111501C23838DD100AE47DF /* Extensions */ = {
			isa = PBXGroup;
			children = (
				9128EBB32387B0DE006890C9 /* UIGestureRecognizerEx.swift */,
				9128EBAF238786C5006890C9 /* CALayerEx.swift */,
				917FBC23238BC3640083721A /* UIColorEx.swift */,
				917FBC27238CCD520083721A /* UINavigationControllerEx.swift */,
				81F709FE23CF18CC002E9DFA /* UIButtonEx.swift */,
				816DABEC2433351000E2B77B /* StatusBaEx.swift */,
				81185EB42455A9260030329B /* UITabBarEx.swift */,
				81583DD224752ED700260DCF /* UITableViewCellEX.swift */,
			);
			path = Extensions;
			sourceTree = "<group>";
		};
		9111501D23838DD100AE47DF /* BaseVC */ = {
			isa = PBXGroup;
			children = (
				9111502123838DD100AE47DF /* JHViewController.swift */,
				9111501F23838DD100AE47DF /* JHTableViewController.swift */,
				9111501E23838DD100AE47DF /* JHCollectionViewController.swift */,
				9111502023838DD100AE47DF /* JHWebViewController.swift */,
			);
			path = BaseVC;
			sourceTree = "<group>";
		};
		9111502323838DD100AE47DF /* BaseCell */ = {
			isa = PBXGroup;
			children = (
				81F0617A246E945D00F0B2D3 /* CellProtocol.swift */,
				9111502523838DD100AE47DF /* JHTableViewCell.swift */,
				911150312383BD8300AE47DF /* JHTableViewHeaderFooterView.swift */,
				911150332383BDA100AE47DF /* JHCollectionViewCell.swift */,
				911150352383BDB300AE47DF /* JHCollectionReusableView.swift */,
			);
			path = BaseCell;
			sourceTree = "<group>";
		};
		917FBC22238BA1240083721A /* ViewFactory */ = {
			isa = PBXGroup;
			children = (
				9128EBB12387B032006890C9 /* SnapKitTool.swift */,
				91622615238544440050F228 /* UIViewSnapEx.swift */,
				9128EBB52387C0C0006890C9 /* UIImageViewSnapEx.swift */,
				9128EBB72387D608006890C9 /* UIButtonSnapEx.swift */,
				9128EBB92387EFAA006890C9 /* UILabelSnapEx.swift */,
				9128EBBB2387EFC3006890C9 /* UITextFieldSnapEx.swift */,
				9128EBBD2387EFD8006890C9 /* UITextViewSnapEx.swift */,
				9128EBBF2387EFF6006890C9 /* UITableViewSnapEx.swift */,
				9128EBC12387F00F006890C9 /* UICollectionViewSnapEx.swift */,
			);
			path = ViewFactory;
			sourceTree = "<group>";
		};
		C74C00F04E10698BB2D79B49 /* Pods */ = {
			isa = PBXGroup;
			children = (
				77965A09D8F67F588257CBE9 /* Pods-SwiftBrick.debug.xcconfig */,
				82CE79D1DBAE0B9E369C40C8 /* Pods-SwiftBrick.release.xcconfig */,
			);
			path = Pods;
			sourceTree = "<group>";
		};
/* End PBXGroup section */

/* Begin PBXNativeTarget section */
		9111500323838CC200AE47DF /* SwiftBrick */ = {
			isa = PBXNativeTarget;
			buildConfigurationList = 9111501823838CC300AE47DF /* Build configuration list for PBXNativeTarget "SwiftBrick" */;
			buildPhases = (
				9119ED56F6FF010F60A95E90 /* [CP] Check Pods Manifest.lock */,
				9111500023838CC200AE47DF /* Sources */,
				9111500123838CC200AE47DF /* Frameworks */,
				9111500223838CC200AE47DF /* Resources */,
				9C27B6B35044A925F0540A29 /* [CP] Embed Pods Frameworks */,
			);
			buildRules = (
			);
			dependencies = (
			);
			name = SwiftBrick;
			productName = SwiftBrick;
			productReference = 9111500423838CC200AE47DF /* SwiftBrick.app */;
			productType = "com.apple.product-type.application";
		};
/* End PBXNativeTarget section */

/* Begin PBXProject section */
		91114FFC23838CC200AE47DF /* Project object */ = {
			isa = PBXProject;
			attributes = {
				LastSwiftUpdateCheck = 1120;
				LastUpgradeCheck = 1120;
				ORGANIZATIONNAME = "狄烨 .";
				TargetAttributes = {
					9111500323838CC200AE47DF = {
						CreatedOnToolsVersion = 11.2.1;
						LastSwiftMigration = 1120;
					};
				};
			};
			buildConfigurationList = 91114FFF23838CC200AE47DF /* Build configuration list for PBXProject "SwiftBrick" */;
			compatibilityVersion = "Xcode 9.3";
			developmentRegion = en;
			hasScannedForEncodings = 0;
			knownRegions = (
				en,
				Base,
			);
			mainGroup = 91114FFB23838CC200AE47DF;
			productRefGroup = 9111500523838CC200AE47DF /* Products */;
			projectDirPath = "";
			projectRoot = "";
			targets = (
				9111500323838CC200AE47DF /* SwiftBrick */,
			);
		};
/* End PBXProject section */

/* Begin PBXResourcesBuildPhase section */
		9111500223838CC200AE47DF /* Resources */ = {
			isa = PBXResourcesBuildPhase;
			buildActionMask = 2147483647;
			files = (
				9111501423838CC300AE47DF /* LaunchScreen.storyboard in Resources */,
				9111502B23838DD100AE47DF /* Images.xcassets in Resources */,
				9111501123838CC300AE47DF /* Assets.xcassets in Resources */,
				9111500F23838CC200AE47DF /* Main.storyboard in Resources */,
			);
			runOnlyForDeploymentPostprocessing = 0;
		};
/* End PBXResourcesBuildPhase section */

/* Begin PBXShellScriptBuildPhase section */
		9119ED56F6FF010F60A95E90 /* [CP] Check Pods Manifest.lock */ = {
			isa = PBXShellScriptBuildPhase;
			buildActionMask = 2147483647;
			files = (
			);
			inputFileListPaths = (
			);
			inputPaths = (
				"${PODS_PODFILE_DIR_PATH}/Podfile.lock",
				"${PODS_ROOT}/Manifest.lock",
			);
			name = "[CP] Check Pods Manifest.lock";
			outputFileListPaths = (
			);
			outputPaths = (
				"$(DERIVED_FILE_DIR)/Pods-SwiftBrick-checkManifestLockResult.txt",
			);
			runOnlyForDeploymentPostprocessing = 0;
			shellPath = /bin/sh;
			shellScript = "diff \"${PODS_PODFILE_DIR_PATH}/Podfile.lock\" \"${PODS_ROOT}/Manifest.lock\" > /dev/null\nif [ $? != 0 ] ; then\n    # print error to STDERR\n    echo \"error: The sandbox is not in sync with the Podfile.lock. Run 'pod install' or update your CocoaPods installation.\" >&2\n    exit 1\nfi\n# This output is used by Xcode 'outputs' to avoid re-running this script phase.\necho \"SUCCESS\" > \"${SCRIPT_OUTPUT_FILE_0}\"\n";
			showEnvVarsInLog = 0;
		};
		9C27B6B35044A925F0540A29 /* [CP] Embed Pods Frameworks */ = {
			isa = PBXShellScriptBuildPhase;
			buildActionMask = 2147483647;
			files = (
			);
			inputFileListPaths = (
				"${PODS_ROOT}/Target Support Files/Pods-SwiftBrick/Pods-SwiftBrick-frameworks-${CONFIGURATION}-input-files.xcfilelist",
			);
			name = "[CP] Embed Pods Frameworks";
			outputFileListPaths = (
				"${PODS_ROOT}/Target Support Files/Pods-SwiftBrick/Pods-SwiftBrick-frameworks-${CONFIGURATION}-output-files.xcfilelist",
			);
			runOnlyForDeploymentPostprocessing = 0;
			shellPath = /bin/sh;
			shellScript = "\"${PODS_ROOT}/Target Support Files/Pods-SwiftBrick/Pods-SwiftBrick-frameworks.sh\"\n";
			showEnvVarsInLog = 0;
		};
/* End PBXShellScriptBuildPhase section */

/* Begin PBXSourcesBuildPhase section */
		9111500023838CC200AE47DF /* Sources */ = {
			isa = PBXSourcesBuildPhase;
			buildActionMask = 2147483647;
			files = (
				81DAE107247E3E1B00F5AB69 /* CoutemHeader.swift in Sources */,
				9111500C23838CC200AE47DF /* ViewController.swift in Sources */,
				9111502823838DD100AE47DF /* JHTableViewController.swift in Sources */,
				911150342383BDA100AE47DF /* JHCollectionViewCell.swift in Sources */,
				91622616238544440050F228 /* UIViewSnapEx.swift in Sources */,
				911150362383BDB300AE47DF /* JHCollectionReusableView.swift in Sources */,
				9111503023838E1A00AE47DF /* TableViewController.swift in Sources */,
				9128EBB82387D608006890C9 /* UIButtonSnapEx.swift in Sources */,
				81FF04DF246D4D7300367E2D /* TestCell.swift in Sources */,
				9128EBC22387F00F006890C9 /* UICollectionViewSnapEx.swift in Sources */,
				81F709FF23CF18CC002E9DFA /* UIButtonEx.swift in Sources */,
				9111502D23838DD100AE47DF /* JHTableViewCell.swift in Sources */,
				9162261A2385534D0050F228 /* ExViewController.swift in Sources */,
				81583DD324752ED800260DCF /* UITableViewCellEX.swift in Sources */,
				911150322383BD8300AE47DF /* JHTableViewHeaderFooterView.swift in Sources */,
				9128EBB42387B0DE006890C9 /* UIGestureRecognizerEx.swift in Sources */,
				9111502C23838DD100AE47DF /* Loader.swift in Sources */,
				917FBC24238BC3640083721A /* UIColorEx.swift in Sources */,
				9128EBB62387C0C0006890C9 /* UIImageViewSnapEx.swift in Sources */,
				9128EBB0238786C5006890C9 /* CALayerEx.swift in Sources */,
				9128EBBE2387EFD8006890C9 /* UITextViewSnapEx.swift in Sources */,
				9111502E23838DD100AE47DF /* Define.swift in Sources */,
				9128EBB22387B032006890C9 /* SnapKitTool.swift in Sources */,
				911150382383DABF00AE47DF /* CollectionViewController.swift in Sources */,
				816DABED2433351000E2B77B /* StatusBaEx.swift in Sources */,
				9111500823838CC200AE47DF /* AppDelegate.swift in Sources */,
				81F0617B246E945D00F0B2D3 /* CellProtocol.swift in Sources */,
				9128EBC02387EFF6006890C9 /* UITableViewSnapEx.swift in Sources */,
				9111502A23838DD100AE47DF /* JHViewController.swift in Sources */,
				9128EBBA2387EFAA006890C9 /* UILabelSnapEx.swift in Sources */,
				9111500A23838CC200AE47DF /* SceneDelegate.swift in Sources */,
				81185EB52455A9260030329B /* UITabBarEx.swift in Sources */,
				9128EBBC2387EFC3006890C9 /* UITextFieldSnapEx.swift in Sources */,
				917FBC28238CCD520083721A /* UINavigationControllerEx.swift in Sources */,
				9111502923838DD100AE47DF /* JHWebViewController.swift in Sources */,
				9111502723838DD100AE47DF /* JHCollectionViewController.swift in Sources */,
				916226112385247F0050F228 /* WebViewController.swift in Sources */,
			);
			runOnlyForDeploymentPostprocessing = 0;
		};
/* End PBXSourcesBuildPhase section */

/* Begin PBXVariantGroup section */
		9111500D23838CC200AE47DF /* Main.storyboard */ = {
			isa = PBXVariantGroup;
			children = (
				9111500E23838CC200AE47DF /* Base */,
			);
			name = Main.storyboard;
			sourceTree = "<group>";
		};
		9111501223838CC300AE47DF /* LaunchScreen.storyboard */ = {
			isa = PBXVariantGroup;
			children = (
				9111501323838CC300AE47DF /* Base */,
			);
			name = LaunchScreen.storyboard;
			sourceTree = "<group>";
		};
/* End PBXVariantGroup section */

/* Begin XCBuildConfiguration section */
		9111501623838CC300AE47DF /* Debug */ = {
			isa = XCBuildConfiguration;
			buildSettings = {
				ALWAYS_SEARCH_USER_PATHS = NO;
				CLANG_ANALYZER_NONNULL = YES;
				CLANG_ANALYZER_NUMBER_OBJECT_CONVERSION = YES_AGGRESSIVE;
				CLANG_CXX_LANGUAGE_STANDARD = "gnu++14";
				CLANG_CXX_LIBRARY = "libc++";
				CLANG_ENABLE_MODULES = YES;
				CLANG_ENABLE_OBJC_ARC = YES;
				CLANG_ENABLE_OBJC_WEAK = YES;
				CLANG_WARN_BLOCK_CAPTURE_AUTORELEASING = YES;
				CLANG_WARN_BOOL_CONVERSION = YES;
				CLANG_WARN_COMMA = YES;
				CLANG_WARN_CONSTANT_CONVERSION = YES;
				CLANG_WARN_DEPRECATED_OBJC_IMPLEMENTATIONS = YES;
				CLANG_WARN_DIRECT_OBJC_ISA_USAGE = YES_ERROR;
				CLANG_WARN_DOCUMENTATION_COMMENTS = YES;
				CLANG_WARN_EMPTY_BODY = YES;
				CLANG_WARN_ENUM_CONVERSION = YES;
				CLANG_WARN_INFINITE_RECURSION = YES;
				CLANG_WARN_INT_CONVERSION = YES;
				CLANG_WARN_NON_LITERAL_NULL_CONVERSION = YES;
				CLANG_WARN_OBJC_IMPLICIT_RETAIN_SELF = YES;
				CLANG_WARN_OBJC_LITERAL_CONVERSION = YES;
				CLANG_WARN_OBJC_ROOT_CLASS = YES_ERROR;
				CLANG_WARN_RANGE_LOOP_ANALYSIS = YES;
				CLANG_WARN_STRICT_PROTOTYPES = YES;
				CLANG_WARN_SUSPICIOUS_MOVE = YES;
				CLANG_WARN_UNGUARDED_AVAILABILITY = YES_AGGRESSIVE;
				CLANG_WARN_UNREACHABLE_CODE = YES;
				CLANG_WARN__DUPLICATE_METHOD_MATCH = YES;
				COPY_PHASE_STRIP = NO;
				DEBUG_INFORMATION_FORMAT = dwarf;
				ENABLE_STRICT_OBJC_MSGSEND = YES;
				ENABLE_TESTABILITY = YES;
				GCC_C_LANGUAGE_STANDARD = gnu11;
				GCC_DYNAMIC_NO_PIC = NO;
				GCC_NO_COMMON_BLOCKS = YES;
				GCC_OPTIMIZATION_LEVEL = 0;
				GCC_PREPROCESSOR_DEFINITIONS = (
					"DEBUG=1",
					"$(inherited)",
				);
				GCC_WARN_64_TO_32_BIT_CONVERSION = YES;
				GCC_WARN_ABOUT_RETURN_TYPE = YES_ERROR;
				GCC_WARN_UNDECLARED_SELECTOR = YES;
				GCC_WARN_UNINITIALIZED_AUTOS = YES_AGGRESSIVE;
				GCC_WARN_UNUSED_FUNCTION = YES;
				GCC_WARN_UNUSED_VARIABLE = YES;
				IPHONEOS_DEPLOYMENT_TARGET = 13.2;
				MTL_ENABLE_DEBUG_INFO = INCLUDE_SOURCE;
				MTL_FAST_MATH = YES;
				ONLY_ACTIVE_ARCH = YES;
				SDKROOT = iphoneos;
				SWIFT_ACTIVE_COMPILATION_CONDITIONS = DEBUG;
				SWIFT_OPTIMIZATION_LEVEL = "-Onone";
			};
			name = Debug;
		};
		9111501723838CC300AE47DF /* Release */ = {
			isa = XCBuildConfiguration;
			buildSettings = {
				ALWAYS_SEARCH_USER_PATHS = NO;
				CLANG_ANALYZER_NONNULL = YES;
				CLANG_ANALYZER_NUMBER_OBJECT_CONVERSION = YES_AGGRESSIVE;
				CLANG_CXX_LANGUAGE_STANDARD = "gnu++14";
				CLANG_CXX_LIBRARY = "libc++";
				CLANG_ENABLE_MODULES = YES;
				CLANG_ENABLE_OBJC_ARC = YES;
				CLANG_ENABLE_OBJC_WEAK = YES;
				CLANG_WARN_BLOCK_CAPTURE_AUTORELEASING = YES;
				CLANG_WARN_BOOL_CONVERSION = YES;
				CLANG_WARN_COMMA = YES;
				CLANG_WARN_CONSTANT_CONVERSION = YES;
				CLANG_WARN_DEPRECATED_OBJC_IMPLEMENTATIONS = YES;
				CLANG_WARN_DIRECT_OBJC_ISA_USAGE = YES_ERROR;
				CLANG_WARN_DOCUMENTATION_COMMENTS = YES;
				CLANG_WARN_EMPTY_BODY = YES;
				CLANG_WARN_ENUM_CONVERSION = YES;
				CLANG_WARN_INFINITE_RECURSION = YES;
				CLANG_WARN_INT_CONVERSION = YES;
				CLANG_WARN_NON_LITERAL_NULL_CONVERSION = YES;
				CLANG_WARN_OBJC_IMPLICIT_RETAIN_SELF = YES;
				CLANG_WARN_OBJC_LITERAL_CONVERSION = YES;
				CLANG_WARN_OBJC_ROOT_CLASS = YES_ERROR;
				CLANG_WARN_RANGE_LOOP_ANALYSIS = YES;
				CLANG_WARN_STRICT_PROTOTYPES = YES;
				CLANG_WARN_SUSPICIOUS_MOVE = YES;
				CLANG_WARN_UNGUARDED_AVAILABILITY = YES_AGGRESSIVE;
				CLANG_WARN_UNREACHABLE_CODE = YES;
				CLANG_WARN__DUPLICATE_METHOD_MATCH = YES;
				COPY_PHASE_STRIP = NO;
				DEBUG_INFORMATION_FORMAT = "dwarf-with-dsym";
				ENABLE_NS_ASSERTIONS = NO;
				ENABLE_STRICT_OBJC_MSGSEND = YES;
				GCC_C_LANGUAGE_STANDARD = gnu11;
				GCC_NO_COMMON_BLOCKS = YES;
				GCC_WARN_64_TO_32_BIT_CONVERSION = YES;
				GCC_WARN_ABOUT_RETURN_TYPE = YES_ERROR;
				GCC_WARN_UNDECLARED_SELECTOR = YES;
				GCC_WARN_UNINITIALIZED_AUTOS = YES_AGGRESSIVE;
				GCC_WARN_UNUSED_FUNCTION = YES;
				GCC_WARN_UNUSED_VARIABLE = YES;
				IPHONEOS_DEPLOYMENT_TARGET = 13.2;
				MTL_ENABLE_DEBUG_INFO = NO;
				MTL_FAST_MATH = YES;
				SDKROOT = iphoneos;
				SWIFT_COMPILATION_MODE = wholemodule;
				SWIFT_OPTIMIZATION_LEVEL = "-O";
				VALIDATE_PRODUCT = YES;
			};
			name = Release;
		};
		9111501923838CC300AE47DF /* Debug */ = {
			isa = XCBuildConfiguration;
			baseConfigurationReference = 77965A09D8F67F588257CBE9 /* Pods-SwiftBrick.debug.xcconfig */;
			buildSettings = {
				ASSETCATALOG_COMPILER_APPICON_NAME = AppIcon;
				CLANG_ENABLE_MODULES = YES;
				CODE_SIGN_STYLE = Automatic;
				DEVELOPMENT_TEAM = 99C7RZ9Z4P;
				INFOPLIST_FILE = SwiftBrick/Info.plist;
				IPHONEOS_DEPLOYMENT_TARGET = 11.0;
				LD_RUNPATH_SEARCH_PATHS = (
					"$(inherited)",
					"@executable_path/Frameworks",
				);
				PRODUCT_BUNDLE_IDENTIFIER = com.hu.SwiftBrick;
				PRODUCT_NAME = "$(TARGET_NAME)";
				SWIFT_OPTIMIZATION_LEVEL = "-Onone";
				SWIFT_VERSION = 5.0;
				TARGETED_DEVICE_FAMILY = "1,2";
			};
			name = Debug;
		};
		9111501A23838CC300AE47DF /* Release */ = {
			isa = XCBuildConfiguration;
			baseConfigurationReference = 82CE79D1DBAE0B9E369C40C8 /* Pods-SwiftBrick.release.xcconfig */;
			buildSettings = {
				ASSETCATALOG_COMPILER_APPICON_NAME = AppIcon;
				CLANG_ENABLE_MODULES = YES;
				CODE_SIGN_STYLE = Automatic;
				DEVELOPMENT_TEAM = 99C7RZ9Z4P;
				INFOPLIST_FILE = SwiftBrick/Info.plist;
				IPHONEOS_DEPLOYMENT_TARGET = 11.0;
				LD_RUNPATH_SEARCH_PATHS = (
					"$(inherited)",
					"@executable_path/Frameworks",
				);
				PRODUCT_BUNDLE_IDENTIFIER = com.hu.SwiftBrick;
				PRODUCT_NAME = "$(TARGET_NAME)";
				SWIFT_VERSION = 5.0;
				TARGETED_DEVICE_FAMILY = "1,2";
			};
			name = Release;
		};
/* End XCBuildConfiguration section */

/* Begin XCConfigurationList section */
		91114FFF23838CC200AE47DF /* Build configuration list for PBXProject "SwiftBrick" */ = {
			isa = XCConfigurationList;
			buildConfigurations = (
				9111501623838CC300AE47DF /* Debug */,
				9111501723838CC300AE47DF /* Release */,
			);
			defaultConfigurationIsVisible = 0;
			defaultConfigurationName = Release;
		};
		9111501823838CC300AE47DF /* Build configuration list for PBXNativeTarget "SwiftBrick" */ = {
			isa = XCConfigurationList;
			buildConfigurations = (
				9111501923838CC300AE47DF /* Debug */,
				9111501A23838CC300AE47DF /* Release */,
			);
			defaultConfigurationIsVisible = 0;
			defaultConfigurationName = Release;
		};
/* End XCConfigurationList section */
	};
	rootObject = 91114FFC23838CC200AE47DF /* Project object */;
}
